
Microsoft Visual Studio Solution File, Format Version 12.00
# Visual Studio Version 17
VisualStudioVersion = 17.13.35828.75 d17.13
MinimumVisualStudioVersion = 10.0.40219.1
Project("{FAE04EC0-301F-11D3-BF4B-00C04F79EFBC}") = "Pazar", "Pazar\Pazar.csproj", "{4537003F-AA8B-4151-814B-EE8A9FBA7C10}"
EndProject
Global
	GlobalSection(SolutionConfigurationPlatforms) = preSolution
		Debug|Any CPU = Debug|Any CPU
		Release|Any CPU = Release|Any CPU
	EndGlobalSection
	GlobalSection(ProjectConfigurationPlatforms) = postSolution
		{4537003F-AA8B-4151-814B-EE8A9FBA7C10}.Debug|Any CPU.ActiveCfg = Debug|Any CPU
		{4537003F-AA8B-4151-814B-EE8A9FBA7C10}.Debug|Any CPU.Build.0 = Debug|Any CPU
		{4537003F-AA8B-4151-814B-EE8A9FBA7C10}.Release|Any CPU.ActiveCfg = Release|Any CPU
		{4537003F-AA8B-4151-814B-EE8A9FBA7C10}.Release|Any CPU.Build.0 = Release|Any CPU
	EndGlobalSection
	GlobalSection(SolutionProperties) = preSolution
		HideSolutionNode = FALSE
	EndGlobalSection
	GlobalSection(ExtensibilityGlobals) = postSolution
		SolutionGuid = {D3A1B53F-F53C-4637-96AB-C393F7587AB0}
	EndGlobalSection
EndGlobal
